// !$*UTF8*$!
{
	archiveVersion = 1;
	classes = {
	};
	objectVersion = 50;
	objects = {

/* Begin PBXBuildFile section */
		20598ED47AE57CA3A7346B2E /* Pods_CMPageTitleViewTests.framework in Frameworks */ = {isa = PBXBuildFile; fileRef = A3D90BC7D0E023236111CFB8 /* Pods_CMPageTitleViewTests.framework */; };
		232E6FE623A639A900EF01C7 /* CMChildController.m in Sources */ = {isa = PBXBuildFile; fileRef = 232E6FE423A639A900EF01C7 /* CMChildController.m */; };
		3D58563707075CC0ECF6EB1C /* Pods_CMPageTitleView.framework in Frameworks */ = {isa = PBXBuildFile; fileRef = 8348F37DD152646043507B7D /* Pods_CMPageTitleView.framework */; };
		84EFD8C7E88418373356859D /* Pods_CMPageTitleViewUITests.framework in Frameworks */ = {isa = PBXBuildFile; fileRef = 1A2648515C1D6D8734A20D40 /* Pods_CMPageTitleViewUITests.framework */; };
		B51FABE0225DD15C004117BD /* CMMainTableController.m in Sources */ = {isa = PBXBuildFile; fileRef = B51FABDF225DD15C004117BD /* CMMainTableController.m */; };
		B51FABE3225DD2E7004117BD /* CMViewController.m in Sources */ = {isa = PBXBuildFile; fileRef = B51FABE2225DD2E7004117BD /* CMViewController.m */; };
		B53D96F7224883C50092BDE3 /* CMPageTitleConfig.m in Sources */ = {isa = PBXBuildFile; fileRef = B53D96F6224883C50092BDE3 /* CMPageTitleConfig.m */; };
		B5B8ACF62249CA2D00ABF82B /* UIView+CMCommon.m in Sources */ = {isa = PBXBuildFile; fileRef = B5B8ACF52249CA2D00ABF82B /* UIView+CMCommon.m */; };
		B5EBC9C821215A72000403B8 /* CMPageTitleContentView.m in Sources */ = {isa = PBXBuildFile; fileRef = B5EBC9B921215A72000403B8 /* CMPageTitleContentView.m */; };
		B5EBC9C921215A72000403B8 /* CMPageContentView.m in Sources */ = {isa = PBXBuildFile; fileRef = B5EBC9BA21215A72000403B8 /* CMPageContentView.m */; };
		B5EBC9CA21215A72000403B8 /* CMPageTitleView.m in Sources */ = {isa = PBXBuildFile; fileRef = B5EBC9BB21215A72000403B8 /* CMPageTitleView.m */; };
		B5EBC9CB21215A72000403B8 /* Assets.xcassets in Resources */ = {isa = PBXBuildFile; fileRef = B5EBC9BE21215A72000403B8 /* Assets.xcassets */; };
		B5EBC9CD21215A72000403B8 /* LaunchScreen.storyboard in Resources */ = {isa = PBXBuildFile; fileRef = B5EBC9C021215A72000403B8 /* LaunchScreen.storyboard */; };
		B5EBC9CE21215A72000403B8 /* Main.storyboard in Resources */ = {isa = PBXBuildFile; fileRef = B5EBC9C221215A72000403B8 /* Main.storyboard */; };
		B5EBC9CF21215A72000403B8 /* main.m in Sources */ = {isa = PBXBuildFile; fileRef = B5EBC9C421215A72000403B8 /* main.m */; };
		B5EBC9D021215A72000403B8 /* AppDelegate.m in Sources */ = {isa = PBXBuildFile; fileRef = B5EBC9C521215A72000403B8 /* AppDelegate.m */; };
/* End PBXBuildFile section */

/* Begin PBXContainerItemProxy section */
		B5EBC99821215A31000403B8 /* PBXContainerItemProxy */ = {
			isa = PBXContainerItemProxy;
			containerPortal = B5EBC97721215A2E000403B8 /* Project object */;
			proxyType = 1;
			remoteGlobalIDString = B5EBC97E21215A2F000403B8;
			remoteInfo = CMPageTitleView;
		};
		B5EBC9A321215A31000403B8 /* PBXContainerItemProxy */ = {
			isa = PBXContainerItemProxy;
			containerPortal = B5EBC97721215A2E000403B8 /* Project object */;
			proxyType = 1;
			remoteGlobalIDString = B5EBC97E21215A2F000403B8;
			remoteInfo = CMPageTitleView;
		};
/* End PBXContainerItemProxy section */

/* Begin PBXFileReference section */
		1A2648515C1D6D8734A20D40 /* Pods_CMPageTitleViewUITests.framework */ = {isa = PBXFileReference; explicitFileType = wrapper.framework; includeInIndex = 0; path = Pods_CMPageTitleViewUITests.framework; sourceTree = BUILT_PRODUCTS_DIR; };
		232E6FE423A639A900EF01C7 /* CMChildController.m */ = {isa = PBXFileReference; fileEncoding = 4; lastKnownFileType = sourcecode.c.objc; path = CMChildController.m; sourceTree = "<group>"; };
		232E6FE523A639A900EF01C7 /* CMChildController.h */ = {isa = PBXFileReference; fileEncoding = 4; lastKnownFileType = sourcecode.c.h; path = CMChildController.h; sourceTree = "<group>"; };
		6FB0CEAE97F306B2DE1A62A3 /* Pods-CMPageTitleViewUITests.release.xcconfig */ = {isa = PBXFileReference; includeInIndex = 1; lastKnownFileType = text.xcconfig; name = "Pods-CMPageTitleViewUITests.release.xcconfig"; path = "Target Support Files/Pods-CMPageTitleViewUITests/Pods-CMPageTitleViewUITests.release.xcconfig"; sourceTree = "<group>"; };
		789334BA070C5D2F074F49C9 /* Pods-CMPageTitleViewUITests.debug.xcconfig */ = {isa = PBXFileReference; includeInIndex = 1; lastKnownFileType = text.xcconfig; name = "Pods-CMPageTitleViewUITests.debug.xcconfig"; path = "Target Support Files/Pods-CMPageTitleViewUITests/Pods-CMPageTitleViewUITests.debug.xcconfig"; sourceTree = "<group>"; };
		7A7BA8CFD14D0A58CCF66114 /* Pods-CMPageTitleViewTests.release.xcconfig */ = {isa = PBXFileReference; includeInIndex = 1; lastKnownFileType = text.xcconfig; name = "Pods-CMPageTitleViewTests.release.xcconfig"; path = "Target Support Files/Pods-CMPageTitleViewTests/Pods-CMPageTitleViewTests.release.xcconfig"; sourceTree = "<group>"; };
		8348F37DD152646043507B7D /* Pods_CMPageTitleView.framework */ = {isa = PBXFileReference; explicitFileType = wrapper.framework; includeInIndex = 0; path = Pods_CMPageTitleView.framework; sourceTree = BUILT_PRODUCTS_DIR; };
		A3D90BC7D0E023236111CFB8 /* Pods_CMPageTitleViewTests.framework */ = {isa = PBXFileReference; explicitFileType = wrapper.framework; includeInIndex = 0; path = Pods_CMPageTitleViewTests.framework; sourceTree = BUILT_PRODUCTS_DIR; };
		AA21FEDE81DFC732D1A8BAFC /* Pods-CMPageTitleView.debug.xcconfig */ = {isa = PBXFileReference; includeInIndex = 1; lastKnownFileType = text.xcconfig; name = "Pods-CMPageTitleView.debug.xcconfig"; path = "Target Support Files/Pods-CMPageTitleView/Pods-CMPageTitleView.debug.xcconfig"; sourceTree = "<group>"; };
		B51FABDE225DD15C004117BD /* CMMainTableController.h */ = {isa = PBXFileReference; lastKnownFileType = sourcecode.c.h; path = CMMainTableController.h; sourceTree = "<group>"; };
		B51FABDF225DD15C004117BD /* CMMainTableController.m */ = {isa = PBXFileReference; lastKnownFileType = sourcecode.c.objc; path = CMMainTableController.m; sourceTree = "<group>"; };
		B51FABE1225DD2E7004117BD /* CMViewController.h */ = {isa = PBXFileReference; lastKnownFileType = sourcecode.c.h; path = CMViewController.h; sourceTree = "<group>"; };
		B51FABE2225DD2E7004117BD /* CMViewController.m */ = {isa = PBXFileReference; lastKnownFileType = sourcecode.c.objc; path = CMViewController.m; sourceTree = "<group>"; };
		B53D96F5224883C50092BDE3 /* CMPageTitleConfig.h */ = {isa = PBXFileReference; lastKnownFileType = sourcecode.c.h; path = CMPageTitleConfig.h; sourceTree = "<group>"; };
		B53D96F6224883C50092BDE3 /* CMPageTitleConfig.m */ = {isa = PBXFileReference; lastKnownFileType = sourcecode.c.objc; path = CMPageTitleConfig.m; sourceTree = "<group>"; };
		B5B8ACF42249CA2D00ABF82B /* UIView+CMCommon.h */ = {isa = PBXFileReference; fileEncoding = 4; lastKnownFileType = sourcecode.c.h; path = "UIView+CMCommon.h"; sourceTree = "<group>"; };
		B5B8ACF52249CA2D00ABF82B /* UIView+CMCommon.m */ = {isa = PBXFileReference; fileEncoding = 4; lastKnownFileType = sourcecode.c.objc; path = "UIView+CMCommon.m"; sourceTree = "<group>"; };
		B5EBC97F21215A2F000403B8 /* CMPageTitleView.app */ = {isa = PBXFileReference; explicitFileType = wrapper.application; includeInIndex = 0; path = CMPageTitleView.app; sourceTree = BUILT_PRODUCTS_DIR; };
		B5EBC99721215A31000403B8 /* CMPageTitleViewTests.xctest */ = {isa = PBXFileReference; explicitFileType = wrapper.cfbundle; includeInIndex = 0; path = CMPageTitleViewTests.xctest; sourceTree = BUILT_PRODUCTS_DIR; };
		B5EBC9A221215A31000403B8 /* CMPageTitleViewUITests.xctest */ = {isa = PBXFileReference; explicitFileType = wrapper.cfbundle; includeInIndex = 0; path = CMPageTitleViewUITests.xctest; sourceTree = BUILT_PRODUCTS_DIR; };
		B5EBC9B621215A72000403B8 /* CMPageTitleContentView.h */ = {isa = PBXFileReference; fileEncoding = 4; lastKnownFileType = sourcecode.c.h; path = CMPageTitleContentView.h; sourceTree = "<group>"; };
		B5EBC9B721215A72000403B8 /* CMPageContentView.h */ = {isa = PBXFileReference; fileEncoding = 4; lastKnownFileType = sourcecode.c.h; path = CMPageContentView.h; sourceTree = "<group>"; };
		B5EBC9B821215A72000403B8 /* CMPageTitleView.h */ = {isa = PBXFileReference; fileEncoding = 4; lastKnownFileType = sourcecode.c.h; path = CMPageTitleView.h; sourceTree = "<group>"; };
		B5EBC9B921215A72000403B8 /* CMPageTitleContentView.m */ = {isa = PBXFileReference; fileEncoding = 4; lastKnownFileType = sourcecode.c.objc; path = CMPageTitleContentView.m; sourceTree = "<group>"; };
		B5EBC9BA21215A72000403B8 /* CMPageContentView.m */ = {isa = PBXFileReference; fileEncoding = 4; lastKnownFileType = sourcecode.c.objc; path = CMPageContentView.m; sourceTree = "<group>"; };
		B5EBC9BB21215A72000403B8 /* CMPageTitleView.m */ = {isa = PBXFileReference; fileEncoding = 4; lastKnownFileType = sourcecode.c.objc; path = CMPageTitleView.m; sourceTree = "<group>"; };
		B5EBC9BD21215A72000403B8 /* AppDelegate.h */ = {isa = PBXFileReference; fileEncoding = 4; lastKnownFileType = sourcecode.c.h; path = AppDelegate.h; sourceTree = "<group>"; };
		B5EBC9BE21215A72000403B8 /* Assets.xcassets */ = {isa = PBXFileReference; lastKnownFileType = folder.assetcatalog; path = Assets.xcassets; sourceTree = "<group>"; };
		B5EBC9C121215A72000403B8 /* Base */ = {isa = PBXFileReference; lastKnownFileType = file.storyboard; name = Base; path = Base.lproj/LaunchScreen.storyboard; sourceTree = "<group>"; };
		B5EBC9C321215A72000403B8 /* Base */ = {isa = PBXFileReference; lastKnownFileType = file.storyboard; name = Base; path = Base.lproj/Main.storyboard; sourceTree = "<group>"; };
		B5EBC9C421215A72000403B8 /* main.m */ = {isa = PBXFileReference; fileEncoding = 4; lastKnownFileType = sourcecode.c.objc; path = main.m; sourceTree = "<group>"; };
		B5EBC9C521215A72000403B8 /* AppDelegate.m */ = {isa = PBXFileReference; fileEncoding = 4; lastKnownFileType = sourcecode.c.objc; path = AppDelegate.m; sourceTree = "<group>"; };
		B5EBC9C621215A72000403B8 /* Info.plist */ = {isa = PBXFileReference; fileEncoding = 4; lastKnownFileType = text.plist.xml; path = Info.plist; sourceTree = "<group>"; };
		B5EE93B922842CE60062F7C5 /* CMPageTitleViewMacro.h */ = {isa = PBXFileReference; lastKnownFileType = sourcecode.c.h; path = CMPageTitleViewMacro.h; sourceTree = "<group>"; };
		D3EFDB73791EB7362E8D3E81 /* Pods-CMPageTitleViewTests.debug.xcconfig */ = {isa = PBXFileReference; includeInIndex = 1; lastKnownFileType = text.xcconfig; name = "Pods-CMPageTitleViewTests.debug.xcconfig"; path = "Target Support Files/Pods-CMPageTitleViewTests/Pods-CMPageTitleViewTests.debug.xcconfig"; sourceTree = "<group>"; };
		E71FFC097CA2E6BE0DF86E8A /* Pods-CMPageTitleView.release.xcconfig */ = {isa = PBXFileReference; includeInIndex = 1; lastKnownFileType = text.xcconfig; name = "Pods-CMPageTitleView.release.xcconfig"; path = "Target Support Files/Pods-CMPageTitleView/Pods-CMPageTitleView.release.xcconfig"; sourceTree = "<group>"; };
/* End PBXFileReference section */

/* Begin PBXFrameworksBuildPhase section */
		B5EBC97C21215A2F000403B8 /* Frameworks */ = {
			isa = PBXFrameworksBuildPhase;
			buildActionMask = 2147483647;
			files = (
				3D58563707075CC0ECF6EB1C /* Pods_CMPageTitleView.framework in Frameworks */,
			);
			runOnlyForDeploymentPostprocessing = 0;
		};
		B5EBC99421215A31000403B8 /* Frameworks */ = {
			isa = PBXFrameworksBuildPhase;
			buildActionMask = 2147483647;
			files = (
				20598ED47AE57CA3A7346B2E /* Pods_CMPageTitleViewTests.framework in Frameworks */,
			);
			runOnlyForDeploymentPostprocessing = 0;
		};
		B5EBC99F21215A31000403B8 /* Frameworks */ = {
			isa = PBXFrameworksBuildPhase;
			buildActionMask = 2147483647;
			files = (
				84EFD8C7E88418373356859D /* Pods_CMPageTitleViewUITests.framework in Frameworks */,
			);
			runOnlyForDeploymentPostprocessing = 0;
		};
/* End PBXFrameworksBuildPhase section */

/* Begin PBXGroup section */
		96799725F871B0D79FB4BEF9 /* Frameworks */ = {
			isa = PBXGroup;
			children = (
				8348F37DD152646043507B7D /* Pods_CMPageTitleView.framework */,
				A3D90BC7D0E023236111CFB8 /* Pods_CMPageTitleViewTests.framework */,
				1A2648515C1D6D8734A20D40 /* Pods_CMPageTitleViewUITests.framework */,
			);
			name = Frameworks;
			sourceTree = "<group>";
		};
		A989CE2B24D8F6E64959D5F1 /* Pods */ = {
			isa = PBXGroup;
			children = (
				AA21FEDE81DFC732D1A8BAFC /* Pods-CMPageTitleView.debug.xcconfig */,
				E71FFC097CA2E6BE0DF86E8A /* Pods-CMPageTitleView.release.xcconfig */,
				D3EFDB73791EB7362E8D3E81 /* Pods-CMPageTitleViewTests.debug.xcconfig */,
				7A7BA8CFD14D0A58CCF66114 /* Pods-CMPageTitleViewTests.release.xcconfig */,
				789334BA070C5D2F074F49C9 /* Pods-CMPageTitleViewUITests.debug.xcconfig */,
				6FB0CEAE97F306B2DE1A62A3 /* Pods-CMPageTitleViewUITests.release.xcconfig */,
			);
			path = Pods;
			sourceTree = "<group>";
		};
		B51FABDD225DD0E1004117BD /* Demo */ = {
			isa = PBXGroup;
			children = (
				B51FABDE225DD15C004117BD /* CMMainTableController.h */,
				B51FABDF225DD15C004117BD /* CMMainTableController.m */,
				B51FABE1225DD2E7004117BD /* CMViewController.h */,
				B51FABE2225DD2E7004117BD /* CMViewController.m */,
				232E6FE523A639A900EF01C7 /* CMChildController.h */,
				232E6FE423A639A900EF01C7 /* CMChildController.m */,
			);
			path = Demo;
			sourceTree = "<group>";
		};
		B5EBC97621215A2E000403B8 = {
			isa = PBXGroup;
			children = (
				B5EBC98121215A2F000403B8 /* CMPageTitleView */,
				B5EBC98021215A2F000403B8 /* Products */,
				A989CE2B24D8F6E64959D5F1 /* Pods */,
				96799725F871B0D79FB4BEF9 /* Frameworks */,
			);
			sourceTree = "<group>";
		};
		B5EBC98021215A2F000403B8 /* Products */ = {
			isa = PBXGroup;
			children = (
				B5EBC97F21215A2F000403B8 /* CMPageTitleView.app */,
				B5EBC99721215A31000403B8 /* CMPageTitleViewTests.xctest */,
				B5EBC9A221215A31000403B8 /* CMPageTitleViewUITests.xctest */,
			);
			name = Products;
			sourceTree = "<group>";
		};
		B5EBC98121215A2F000403B8 /* CMPageTitleView */ = {
			isa = PBXGroup;
			children = (
				B5EBC9B421215A72000403B8 /* Class */,
				B51FABDD225DD0E1004117BD /* Demo */,
				B5EBC9BC21215A72000403B8 /* Other */,
			);
			path = CMPageTitleView;
			sourceTree = "<group>";
		};
		B5EBC9B421215A72000403B8 /* Class */ = {
			isa = PBXGroup;
			children = (
				B5EBC9B821215A72000403B8 /* CMPageTitleView.h */,
				B5EBC9BB21215A72000403B8 /* CMPageTitleView.m */,
				B5EE93B922842CE60062F7C5 /* CMPageTitleViewMacro.h */,
				B53D96F5224883C50092BDE3 /* CMPageTitleConfig.h */,
				B53D96F6224883C50092BDE3 /* CMPageTitleConfig.m */,
				B5EBC9B621215A72000403B8 /* CMPageTitleContentView.h */,
				B5EBC9B921215A72000403B8 /* CMPageTitleContentView.m */,
				B5EBC9B721215A72000403B8 /* CMPageContentView.h */,
				B5EBC9BA21215A72000403B8 /* CMPageContentView.m */,
				B5B8ACF42249CA2D00ABF82B /* UIView+CMCommon.h */,
				B5B8ACF52249CA2D00ABF82B /* UIView+CMCommon.m */,
			);
			path = Class;
			sourceTree = "<group>";
		};
		B5EBC9BC21215A72000403B8 /* Other */ = {
			isa = PBXGroup;
			children = (
				B5EBC9C621215A72000403B8 /* Info.plist */,
				B5EBC9BD21215A72000403B8 /* AppDelegate.h */,
				B5EBC9BE21215A72000403B8 /* Assets.xcassets */,
				B5EBC9C021215A72000403B8 /* LaunchScreen.storyboard */,
				B5EBC9C221215A72000403B8 /* Main.storyboard */,
				B5EBC9C421215A72000403B8 /* main.m */,
				B5EBC9C521215A72000403B8 /* AppDelegate.m */,
			);
			path = Other;
			sourceTree = "<group>";
		};
/* End PBXGroup section */

/* Begin PBXNativeTarget section */
		B5EBC97E21215A2F000403B8 /* CMPageTitleView */ = {
			isa = PBXNativeTarget;
			buildConfigurationList = B5EBC9AB21215A31000403B8 /* Build configuration list for PBXNativeTarget "CMPageTitleView" */;
			buildPhases = (
				EA8E859A87F38CEC3EBB190B /* [CP] Check Pods Manifest.lock */,
				B5EBC97B21215A2F000403B8 /* Sources */,
				B5EBC97C21215A2F000403B8 /* Frameworks */,
				B5EBC97D21215A2F000403B8 /* Resources */,
				13425E14AC1B19271209729D /* [CP] Embed Pods Frameworks */,
			);
			buildRules = (
			);
			dependencies = (
			);
			name = CMPageTitleView;
			productName = CMPageTitleView;
			productReference = B5EBC97F21215A2F000403B8 /* CMPageTitleView.app */;
			productType = "com.apple.product-type.application";
		};
		B5EBC99621215A31000403B8 /* CMPageTitleViewTests */ = {
			isa = PBXNativeTarget;
			buildConfigurationList = B5EBC9AE21215A31000403B8 /* Build configuration list for PBXNativeTarget "CMPageTitleViewTests" */;
			buildPhases = (
				BCBF7D2B3B6268AC9396A532 /* [CP] Check Pods Manifest.lock */,
				B5EBC99321215A31000403B8 /* Sources */,
				B5EBC99421215A31000403B8 /* Frameworks */,
				B5EBC99521215A31000403B8 /* Resources */,
			);
			buildRules = (
			);
			dependencies = (
				B5EBC99921215A31000403B8 /* PBXTargetDependency */,
			);
			name = CMPageTitleViewTests;
			productName = CMPageTitleViewTests;
			productReference = B5EBC99721215A31000403B8 /* CMPageTitleViewTests.xctest */;
			productType = "com.apple.product-type.bundle.unit-test";
		};
		B5EBC9A121215A31000403B8 /* CMPageTitleViewUITests */ = {
			isa = PBXNativeTarget;
			buildConfigurationList = B5EBC9B121215A31000403B8 /* Build configuration list for PBXNativeTarget "CMPageTitleViewUITests" */;
			buildPhases = (
				369B8B0CC80DC0B8EB0443E6 /* [CP] Check Pods Manifest.lock */,
				B5EBC99E21215A31000403B8 /* Sources */,
				B5EBC99F21215A31000403B8 /* Frameworks */,
				B5EBC9A021215A31000403B8 /* Resources */,
			);
			buildRules = (
			);
			dependencies = (
				B5EBC9A421215A31000403B8 /* PBXTargetDependency */,
			);
			name = CMPageTitleViewUITests;
			productName = CMPageTitleViewUITests;
			productReference = B5EBC9A221215A31000403B8 /* CMPageTitleViewUITests.xctest */;
			productType = "com.apple.product-type.bundle.ui-testing";
		};
/* End PBXNativeTarget section */

/* Begin PBXProject section */
		B5EBC97721215A2E000403B8 /* Project object */ = {
			isa = PBXProject;
			attributes = {
				LastUpgradeCheck = 1020;
				ORGANIZATIONNAME = CrabMan;
				TargetAttributes = {
					B5EBC97E21215A2F000403B8 = {
						CreatedOnToolsVersion = 9.3.1;
					};
					B5EBC99621215A31000403B8 = {
						CreatedOnToolsVersion = 9.3.1;
						TestTargetID = B5EBC97E21215A2F000403B8;
					};
					B5EBC9A121215A31000403B8 = {
						CreatedOnToolsVersion = 9.3.1;
						TestTargetID = B5EBC97E21215A2F000403B8;
					};
				};
			};
			buildConfigurationList = B5EBC97A21215A2E000403B8 /* Build configuration list for PBXProject "CMPageTitleView" */;
			compatibilityVersion = "Xcode 9.3";
			developmentRegion = en;
			hasScannedForEncodings = 0;
			knownRegions = (
				en,
				Base,
			);
			mainGroup = B5EBC97621215A2E000403B8;
			productRefGroup = B5EBC98021215A2F000403B8 /* Products */;
			projectDirPath = "";
			projectRoot = "";
			targets = (
				B5EBC97E21215A2F000403B8 /* CMPageTitleView */,
				B5EBC99621215A31000403B8 /* CMPageTitleViewTests */,
				B5EBC9A121215A31000403B8 /* CMPageTitleViewUITests */,
			);
		};
/* End PBXProject section */

/* Begin PBXResourcesBuildPhase section */
		B5EBC97D21215A2F000403B8 /* Resources */ = {
			isa = PBXResourcesBuildPhase;
			buildActionMask = 2147483647;
			files = (
				B5EBC9CE21215A72000403B8 /* Main.storyboard in Resources */,
				B5EBC9CB21215A72000403B8 /* Assets.xcassets in Resources */,
				B5EBC9CD21215A72000403B8 /* LaunchScreen.storyboard in Resources */,
			);
			runOnlyForDeploymentPostprocessing = 0;
		};
		B5EBC99521215A31000403B8 /* Resources */ = {
			isa = PBXResourcesBuildPhase;
			buildActionMask = 2147483647;
			files = (
			);
			runOnlyForDeploymentPostprocessing = 0;
		};
		B5EBC9A021215A31000403B8 /* Resources */ = {
			isa = PBXResourcesBuildPhase;
			buildActionMask = 2147483647;
			files = (
			);
			runOnlyForDeploymentPostprocessing = 0;
		};
/* End PBXResourcesBuildPhase section */

/* Begin PBXShellScriptBuildPhase section */
		13425E14AC1B19271209729D /* [CP] Embed Pods Frameworks */ = {
			isa = PBXShellScriptBuildPhase;
			buildActionMask = 2147483647;
			files = (
			);
			inputFileListPaths = (
			);
			inputPaths = (
				"${PODS_ROOT}/Target Support Files/Pods-CMPageTitleView/Pods-CMPageTitleView-frameworks.sh",
				"${BUILT_PRODUCTS_DIR}/Masonry/Masonry.framework",
			);
			name = "[CP] Embed Pods Frameworks";
			outputFileListPaths = (
			);
			outputPaths = (
				"${TARGET_BUILD_DIR}/${FRAMEWORKS_FOLDER_PATH}/Masonry.framework",
			);
			runOnlyForDeploymentPostprocessing = 0;
			shellPath = /bin/sh;
			shellScript = "\"${PODS_ROOT}/Target Support Files/Pods-CMPageTitleView/Pods-CMPageTitleView-frameworks.sh\"\n";
			showEnvVarsInLog = 0;
		};
		369B8B0CC80DC0B8EB0443E6 /* [CP] Check Pods Manifest.lock */ = {
			isa = PBXShellScriptBuildPhase;
			buildActionMask = 2147483647;
			files = (
			);
			inputFileListPaths = (
			);
			inputPaths = (
				"${PODS_PODFILE_DIR_PATH}/Podfile.lock",
				"${PODS_ROOT}/Manifest.lock",
			);
			name = "[CP] Check Pods Manifest.lock";
			outputFileListPaths = (
			);
			outputPaths = (
				"$(DERIVED_FILE_DIR)/Pods-CMPageTitleViewUITests-checkManifestLockResult.txt",
			);
			runOnlyForDeploymentPostprocessing = 0;
			shellPath = /bin/sh;
			shellScript = "diff \"${PODS_PODFILE_DIR_PATH}/Podfile.lock\" \"${PODS_ROOT}/Manifest.lock\" > /dev/null\nif [ $? != 0 ] ; then\n    # print error to STDERR\n    echo \"error: The sandbox is not in sync with the Podfile.lock. Run 'pod install' or update your CocoaPods installation.\" >&2\n    exit 1\nfi\n# This output is used by Xcode 'outputs' to avoid re-running this script phase.\necho \"SUCCESS\" > \"${SCRIPT_OUTPUT_FILE_0}\"\n";
			showEnvVarsInLog = 0;
		};
		BCBF7D2B3B6268AC9396A532 /* [CP] Check Pods Manifest.lock */ = {
			isa = PBXShellScriptBuildPhase;
			buildActionMask = 2147483647;
			files = (
			);
			inputFileListPaths = (
			);
			inputPaths = (
				"${PODS_PODFILE_DIR_PATH}/Podfile.lock",
				"${PODS_ROOT}/Manifest.lock",
			);
			name = "[CP] Check Pods Manifest.lock";
			outputFileListPaths = (
			);
			outputPaths = (
				"$(DERIVED_FILE_DIR)/Pods-CMPageTitleViewTests-checkManifestLockResult.txt",
			);
			runOnlyForDeploymentPostprocessing = 0;
			shellPath = /bin/sh;
			shellScript = "diff \"${PODS_PODFILE_DIR_PATH}/Podfile.lock\" \"${PODS_ROOT}/Manifest.lock\" > /dev/null\nif [ $? != 0 ] ; then\n    # print error to STDERR\n    echo \"error: The sandbox is not in sync with the Podfile.lock. Run 'pod install' or update your CocoaPods installation.\" >&2\n    exit 1\nfi\n# This output is used by Xcode 'outputs' to avoid re-running this script phase.\necho \"SUCCESS\" > \"${SCRIPT_OUTPUT_FILE_0}\"\n";
			showEnvVarsInLog = 0;
		};
		EA8E859A87F38CEC3EBB190B /* [CP] Check Pods Manifest.lock */ = {
			isa = PBXShellScriptBuildPhase;
			buildActionMask = 2147483647;
			files = (
			);
			inputFileListPaths = (
			);
			inputPaths = (
				"${PODS_PODFILE_DIR_PATH}/Podfile.lock",
				"${PODS_ROOT}/Manifest.lock",
			);
			name = "[CP] Check Pods Manifest.lock";
			outputFileListPaths = (
			);
			outputPaths = (
				"$(DERIVED_FILE_DIR)/Pods-CMPageTitleView-checkManifestLockResult.txt",
			);
			runOnlyForDeploymentPostprocessing = 0;
			shellPath = /bin/sh;
			shellScript = "diff \"${PODS_PODFILE_DIR_PATH}/Podfile.lock\" \"${PODS_ROOT}/Manifest.lock\" > /dev/null\nif [ $? != 0 ] ; then\n    # print error to STDERR\n    echo \"error: The sandbox is not in sync with the Podfile.lock. Run 'pod install' or update your CocoaPods installation.\" >&2\n    exit 1\nfi\n# This output is used by Xcode 'outputs' to avoid re-running this script phase.\necho \"SUCCESS\" > \"${SCRIPT_OUTPUT_FILE_0}\"\n";
			showEnvVarsInLog = 0;
		};
/* End PBXShellScriptBuildPhase section */

/* Begin PBXSourcesBuildPhase section */
		B5EBC97B21215A2F000403B8 /* Sources */ = {
			isa = PBXSourcesBuildPhase;
			buildActionMask = 2147483647;
			files = (
				232E6FE623A639A900EF01C7 /* CMChildController.m in Sources */,
				B5B8ACF62249CA2D00ABF82B /* UIView+CMCommon.m in Sources */,
				B53D96F7224883C50092BDE3 /* CMPageTitleConfig.m in Sources */,
				B5EBC9CF21215A72000403B8 /* main.m in Sources */,
				B5EBC9C821215A72000403B8 /* CMPageTitleContentView.m in Sources */,
				B5EBC9D021215A72000403B8 /* AppDelegate.m in Sources */,
				B51FABE3225DD2E7004117BD /* CMViewController.m in Sources */,
				B51FABE0225DD15C004117BD /* CMMainTableController.m in Sources */,
				B5EBC9CA21215A72000403B8 /* CMPageTitleView.m in Sources */,
				B5EBC9C921215A72000403B8 /* CMPageContentView.m in Sources */,
			);
			runOnlyForDeploymentPostprocessing = 0;
		};
		B5EBC99321215A31000403B8 /* Sources */ = {
			isa = PBXSourcesBuildPhase;
			buildActionMask = 2147483647;
			files = (
			);
			runOnlyForDeploymentPostprocessing = 0;
		};
		B5EBC99E21215A31000403B8 /* Sources */ = {
			isa = PBXSourcesBuildPhase;
			buildActionMask = 2147483647;
			files = (
			);
			runOnlyForDeploymentPostprocessing = 0;
		};
/* End PBXSourcesBuildPhase section */

/* Begin PBXTargetDependency section */
		B5EBC99921215A31000403B8 /* PBXTargetDependency */ = {
			isa = PBXTargetDependency;
			target = B5EBC97E21215A2F000403B8 /* CMPageTitleView */;
			targetProxy = B5EBC99821215A31000403B8 /* PBXContainerItemProxy */;
		};
		B5EBC9A421215A31000403B8 /* PBXTargetDependency */ = {
			isa = PBXTargetDependency;
			target = B5EBC97E21215A2F000403B8 /* CMPageTitleView */;
			targetProxy = B5EBC9A321215A31000403B8 /* PBXContainerItemProxy */;
		};
/* End PBXTargetDependency section */

/* Begin PBXVariantGroup section */
		B5EBC9C021215A72000403B8 /* LaunchScreen.storyboard */ = {
			isa = PBXVariantGroup;
			children = (
				B5EBC9C121215A72000403B8 /* Base */,
			);
			name = LaunchScreen.storyboard;
			sourceTree = "<group>";
		};
		B5EBC9C221215A72000403B8 /* Main.storyboard */ = {
			isa = PBXVariantGroup;
			children = (
				B5EBC9C321215A72000403B8 /* Base */,
			);
			name = Main.storyboard;
			sourceTree = "<group>";
		};
/* End PBXVariantGroup section */

/* Begin XCBuildConfiguration section */
		B5EBC9A921215A31000403B8 /* Debug */ = {
			isa = XCBuildConfiguration;
			buildSettings = {
				ALWAYS_SEARCH_USER_PATHS = NO;
				CLANG_ANALYZER_NONNULL = YES;
				CLANG_ANALYZER_NUMBER_OBJECT_CONVERSION = YES_AGGRESSIVE;
				CLANG_CXX_LANGUAGE_STANDARD = "gnu++14";
				CLANG_CXX_LIBRARY = "libc++";
				CLANG_ENABLE_MODULES = YES;
				CLANG_ENABLE_OBJC_ARC = YES;
				CLANG_ENABLE_OBJC_WEAK = YES;
				CLANG_WARN_BLOCK_CAPTURE_AUTORELEASING = YES;
				CLANG_WARN_BOOL_CONVERSION = YES;
				CLANG_WARN_COMMA = YES;
				CLANG_WARN_CONSTANT_CONVERSION = YES;
				CLANG_WARN_DEPRECATED_OBJC_IMPLEMENTATIONS = YES;
				CLANG_WARN_DIRECT_OBJC_ISA_USAGE = YES_ERROR;
				CLANG_WARN_DOCUMENTATION_COMMENTS = YES;
				CLANG_WARN_EMPTY_BODY = YES;
				CLANG_WARN_ENUM_CONVERSION = YES;
				CLANG_WARN_INFINITE_RECURSION = YES;
				CLANG_WARN_INT_CONVERSION = YES;
				CLANG_WARN_NON_LITERAL_NULL_CONVERSION = YES;
				CLANG_WARN_OBJC_IMPLICIT_RETAIN_SELF = YES;
				CLANG_WARN_OBJC_LITERAL_CONVERSION = YES;
				CLANG_WARN_OBJC_ROOT_CLASS = YES_ERROR;
				CLANG_WARN_RANGE_LOOP_ANALYSIS = YES;
				CLANG_WARN_STRICT_PROTOTYPES = YES;
				CLANG_WARN_SUSPICIOUS_MOVE = YES;
				CLANG_WARN_UNGUARDED_AVAILABILITY = YES_AGGRESSIVE;
				CLANG_WARN_UNREACHABLE_CODE = YES;
				CLANG_WARN__DUPLICATE_METHOD_MATCH = YES;
				CODE_SIGN_IDENTITY = "iPhone Developer";
				COPY_PHASE_STRIP = NO;
				DEBUG_INFORMATION_FORMAT = dwarf;
				ENABLE_STRICT_OBJC_MSGSEND = YES;
				ENABLE_TESTABILITY = YES;
				GCC_C_LANGUAGE_STANDARD = gnu11;
				GCC_DYNAMIC_NO_PIC = NO;
				GCC_NO_COMMON_BLOCKS = YES;
				GCC_OPTIMIZATION_LEVEL = 0;
				GCC_PREPROCESSOR_DEFINITIONS = (
					"DEBUG=1",
					"$(inherited)",
				);
				GCC_WARN_64_TO_32_BIT_CONVERSION = YES;
				GCC_WARN_ABOUT_RETURN_TYPE = YES_ERROR;
				GCC_WARN_UNDECLARED_SELECTOR = YES;
				GCC_WARN_UNINITIALIZED_AUTOS = YES_AGGRESSIVE;
				GCC_WARN_UNUSED_FUNCTION = YES;
				GCC_WARN_UNUSED_VARIABLE = YES;
				IPHONEOS_DEPLOYMENT_TARGET = 11.3;
				MTL_ENABLE_DEBUG_INFO = YES;
				ONLY_ACTIVE_ARCH = YES;
				SDKROOT = iphoneos;
			};
			name = Debug;
		};
		B5EBC9AA21215A31000403B8 /* Release */ = {
			isa = XCBuildConfiguration;
			buildSettings = {
				ALWAYS_SEARCH_USER_PATHS = NO;
				CLANG_ANALYZER_NONNULL = YES;
				CLANG_ANALYZER_NUMBER_OBJECT_CONVERSION = YES_AGGRESSIVE;
				CLANG_CXX_LANGUAGE_STANDARD = "gnu++14";
				CLANG_CXX_LIBRARY = "libc++";
				CLANG_ENABLE_MODULES = YES;
				CLANG_ENABLE_OBJC_ARC = YES;
				CLANG_ENABLE_OBJC_WEAK = YES;
				CLANG_WARN_BLOCK_CAPTURE_AUTORELEASING = YES;
				CLANG_WARN_BOOL_CONVERSION = YES;
				CLANG_WARN_COMMA = YES;
				CLANG_WARN_CONSTANT_CONVERSION = YES;
				CLANG_WARN_DEPRECATED_OBJC_IMPLEMENTATIONS = YES;
				CLANG_WARN_DIRECT_OBJC_ISA_USAGE = YES_ERROR;
				CLANG_WARN_DOCUMENTATION_COMMENTS = YES;
				CLANG_WARN_EMPTY_BODY = YES;
				CLANG_WARN_ENUM_CONVERSION = YES;
				CLANG_WARN_INFINITE_RECURSION = YES;
				CLANG_WARN_INT_CONVERSION = YES;
				CLANG_WARN_NON_LITERAL_NULL_CONVERSION = YES;
				CLANG_WARN_OBJC_IMPLICIT_RETAIN_SELF = YES;
				CLANG_WARN_OBJC_LITERAL_CONVERSION = YES;
				CLANG_WARN_OBJC_ROOT_CLASS = YES_ERROR;
				CLANG_WARN_RANGE_LOOP_ANALYSIS = YES;
				CLANG_WARN_STRICT_PROTOTYPES = YES;
				CLANG_WARN_SUSPICIOUS_MOVE = YES;
				CLANG_WARN_UNGUARDED_AVAILABILITY = YES_AGGRESSIVE;
				CLANG_WARN_UNREACHABLE_CODE = YES;
				CLANG_WARN__DUPLICATE_METHOD_MATCH = YES;
				CODE_SIGN_IDENTITY = "iPhone Developer";
				COPY_PHASE_STRIP = NO;
				DEBUG_INFORMATION_FORMAT = "dwarf-with-dsym";
				ENABLE_NS_ASSERTIONS = NO;
				ENABLE_STRICT_OBJC_MSGSEND = YES;
				GCC_C_LANGUAGE_STANDARD = gnu11;
				GCC_NO_COMMON_BLOCKS = YES;
				GCC_WARN_64_TO_32_BIT_CONVERSION = YES;
				GCC_WARN_ABOUT_RETURN_TYPE = YES_ERROR;
				GCC_WARN_UNDECLARED_SELECTOR = YES;
				GCC_WARN_UNINITIALIZED_AUTOS = YES_AGGRESSIVE;
				GCC_WARN_UNUSED_FUNCTION = YES;
				GCC_WARN_UNUSED_VARIABLE = YES;
				IPHONEOS_DEPLOYMENT_TARGET = 11.3;
				MTL_ENABLE_DEBUG_INFO = NO;
				SDKROOT = iphoneos;
				VALIDATE_PRODUCT = YES;
			};
			name = Release;
		};
		B5EBC9AC21215A31000403B8 /* Debug */ = {
			isa = XCBuildConfiguration;
			baseConfigurationReference = AA21FEDE81DFC732D1A8BAFC /* Pods-CMPageTitleView.debug.xcconfig */;
			buildSettings = {
				ASSETCATALOG_COMPILER_APPICON_NAME = AppIcon;
				CODE_SIGN_STYLE = Automatic;
				DEVELOPMENT_TEAM = UNBWR7RUZ2;
				GCC_PREFIX_HEADER = "";
				INFOPLIST_FILE = "$(SRCROOT)/CMPageTitleView/Other/Info.plist";
				IPHONEOS_DEPLOYMENT_TARGET = 9.0;
				LD_RUNPATH_SEARCH_PATHS = (
					"$(inherited)",
					"@executable_path/Frameworks",
				);
				OTHER_LDFLAGS = (
					"$(inherited)",
					"-all_load",
					"-Objc",
				);
				PRODUCT_BUNDLE_IDENTIFIER = com.sudaizhijia.sd;
				PRODUCT_NAME = "$(TARGET_NAME)";
				TARGETED_DEVICE_FAMILY = "1,2";
				USER_HEADER_SEARCH_PATHS = "$(PODS_ROOT)/**";
			};
			name = Debug;
		};
		B5EBC9AD21215A31000403B8 /* Release */ = {
			isa = XCBuildConfiguration;
			baseConfigurationReference = E71FFC097CA2E6BE0DF86E8A /* Pods-CMPageTitleView.release.xcconfig */;
			buildSettings = {
				ASSETCATALOG_COMPILER_APPICON_NAME = AppIcon;
				CODE_SIGN_STYLE = Automatic;
				DEVELOPMENT_TEAM = UNBWR7RUZ2;
				GCC_PREFIX_HEADER = "";
				INFOPLIST_FILE = "$(SRCROOT)/CMPageTitleView/Other/Info.plist";
				IPHONEOS_DEPLOYMENT_TARGET = 9.0;
				LD_RUNPATH_SEARCH_PATHS = (
					"$(inherited)",
					"@executable_path/Frameworks",
				);
				OTHER_LDFLAGS = (
					"$(inherited)",
					"-all_load",
					"-Objc",
				);
				PRODUCT_BUNDLE_IDENTIFIER = com.sudaizhijia.sd;
				PRODUCT_NAME = "$(TARGET_NAME)";
				TARGETED_DEVICE_FAMILY = "1,2";
				USER_HEADER_SEARCH_PATHS = "$(PODS_ROOT)/**";
			};
			name = Release;
		};
		B5EBC9AF21215A31000403B8 /* Debug */ = {
			isa = XCBuildConfiguration;
			baseConfigurationReference = D3EFDB73791EB7362E8D3E81 /* Pods-CMPageTitleViewTests.debug.xcconfig */;
			buildSettings = {
				BUNDLE_LOADER = "$(TEST_HOST)";
				CODE_SIGN_STYLE = Automatic;
				INFOPLIST_FILE = CMPageTitleViewTests/Info.plist;
				LD_RUNPATH_SEARCH_PATHS = (
					"$(inherited)",
					"@executable_path/Frameworks",
					"@loader_path/Frameworks",
				);
				PRODUCT_BUNDLE_IDENTIFIER = CrabMan.CMPageTitleViewTests;
				PRODUCT_NAME = "$(TARGET_NAME)";
				TARGETED_DEVICE_FAMILY = "1,2";
				TEST_HOST = "$(BUILT_PRODUCTS_DIR)/CMPageTitleView.app/CMPageTitleView";
			};
			name = Debug;
		};
		B5EBC9B021215A31000403B8 /* Release */ = {
			isa = XCBuildConfiguration;
			baseConfigurationReference = 7A7BA8CFD14D0A58CCF66114 /* Pods-CMPageTitleViewTests.release.xcconfig */;
			buildSettings = {
				BUNDLE_LOADER = "$(TEST_HOST)";
				CODE_SIGN_STYLE = Automatic;
				INFOPLIST_FILE = CMPageTitleViewTests/Info.plist;
				LD_RUNPATH_SEARCH_PATHS = (
					"$(inherited)",
					"@executable_path/Frameworks",
					"@loader_path/Frameworks",
				);
				PRODUCT_BUNDLE_IDENTIFIER = CrabMan.CMPageTitleViewTests;
				PRODUCT_NAME = "$(TARGET_NAME)";
				TARGETED_DEVICE_FAMILY = "1,2";
				TEST_HOST = "$(BUILT_PRODUCTS_DIR)/CMPageTitleView.app/CMPageTitleView";
			};
			name = Release;
		};
		B5EBC9B221215A31000403B8 /* Debug */ = {
			isa = XCBuildConfiguration;
			baseConfigurationReference = 789334BA070C5D2F074F49C9 /* Pods-CMPageTitleViewUITests.debug.xcconfig */;
			buildSettings = {
				CODE_SIGN_STYLE = Automatic;
				INFOPLIST_FILE = CMPageTitleViewUITests/Info.plist;
				LD_RUNPATH_SEARCH_PATHS = (
					"$(inherited)",
					"@executable_path/Frameworks",
					"@loader_path/Frameworks",
				);
				PRODUCT_BUNDLE_IDENTIFIER = CrabMan.CMPageTitleViewUITests;
				PRODUCT_NAME = "$(TARGET_NAME)";
				TARGETED_DEVICE_FAMILY = "1,2";
				TEST_TARGET_NAME = CMPageTitleView;
			};
			name = Debug;
		};
		B5EBC9B321215A31000403B8 /* Release */ = {
			isa = XCBuildConfiguration;
			baseConfigurationReference = 6FB0CEAE97F306B2DE1A62A3 /* Pods-CMPageTitleViewUITests.release.xcconfig */;
			buildSettings = {
				CODE_SIGN_STYLE = Automatic;
				INFOPLIST_FILE = CMPageTitleViewUITests/Info.plist;
				LD_RUNPATH_SEARCH_PATHS = (
					"$(inherited)",
					"@executable_path/Frameworks",
					"@loader_path/Frameworks",
				);
				PRODUCT_BUNDLE_IDENTIFIER = CrabMan.CMPageTitleViewUITests;
				PRODUCT_NAME = "$(TARGET_NAME)";
				TARGETED_DEVICE_FAMILY = "1,2";
				TEST_TARGET_NAME = CMPageTitleView;
			};
			name = Release;
		};
/* End XCBuildConfiguration section */

/* Begin XCConfigurationList section */
		B5EBC97A21215A2E000403B8 /* Build configuration list for PBXProject "CMPageTitleView" */ = {
			isa = XCConfigurationList;
			buildConfigurations = (
				B5EBC9A921215A31000403B8 /* Debug */,
				B5EBC9AA21215A31000403B8 /* Release */,
			);
			defaultConfigurationIsVisible = 0;
			defaultConfigurationName = Release;
		};
		B5EBC9AB21215A31000403B8 /* Build configuration list for PBXNativeTarget "CMPageTitleView" */ = {
			isa = XCConfigurationList;
			buildConfigurations = (
				B5EBC9AC21215A31000403B8 /* Debug */,
				B5EBC9AD21215A31000403B8 /* Release */,
			);
			defaultConfigurationIsVisible = 0;
			defaultConfigurationName = Release;
		};
		B5EBC9AE21215A31000403B8 /* Build configuration list for PBXNativeTarget "CMPageTitleViewTests" */ = {
			isa = XCConfigurationList;
			buildConfigurations = (
				B5EBC9AF21215A31000403B8 /* Debug */,
				B5EBC9B021215A31000403B8 /* Release */,
			);
			defaultConfigurationIsVisible = 0;
			defaultConfigurationName = Release;
		};
		B5EBC9B121215A31000403B8 /* Build configuration list for PBXNativeTarget "CMPageTitleViewUITests" */ = {
			isa = XCConfigurationList;
			buildConfigurations = (
				B5EBC9B221215A31000403B8 /* Debug */,
				B5EBC9B321215A31000403B8 /* Release */,
			);
			defaultConfigurationIsVisible = 0;
			defaultConfigurationName = Release;
		};
/* End XCConfigurationList section */
	};
	rootObject = B5EBC97721215A2E000403B8 /* Project object */;
}
